// !$*UTF8*$!
{
	archiveVersion = 1;
	classes = {
	};
	objectVersion = 50;
	objects = {

/* Begin PBXBuildFile section */
		655D14E723DE9947003BD4F9 /* AppDelegate.swift in Sources */ = {isa = PBXBuildFile; fileRef = 655D14E623DE9947003BD4F9 /* AppDelegate.swift */; };
		655D14E923DE9947003BD4F9 /* SceneDelegate.swift in Sources */ = {isa = PBXBuildFile; fileRef = 655D14E823DE9947003BD4F9 /* SceneDelegate.swift */; };
		655D14EB23DE9947003BD4F9 /* ViewController.swift in Sources */ = {isa = PBXBuildFile; fileRef = 655D14EA23DE9947003BD4F9 /* ViewController.swift */; };
		655D14EE23DE9947003BD4F9 /* Main.storyboard in Resources */ = {isa = PBXBuildFile; fileRef = 655D14EC23DE9947003BD4F9 /* Main.storyboard */; };
		655D14F123DE9947003BD4F9 /* WeasyVendor.xcdatamodeld in Sources */ = {isa = PBXBuildFile; fileRef = 655D14EF23DE9947003BD4F9 /* WeasyVendor.xcdatamodeld */; };
		655D14F323DE9948003BD4F9 /* Assets.xcassets in Resources */ = {isa = PBXBuildFile; fileRef = 655D14F223DE9948003BD4F9 /* Assets.xcassets */; };
		655D14F623DE9948003BD4F9 /* LaunchScreen.storyboard in Resources */ = {isa = PBXBuildFile; fileRef = 655D14F423DE9948003BD4F9 /* LaunchScreen.storyboard */; };
		655D150123DE9948003BD4F9 /* WeasyVendorTests.swift in Sources */ = {isa = PBXBuildFile; fileRef = 655D150023DE9948003BD4F9 /* WeasyVendorTests.swift */; };
		655D150C23DE9949003BD4F9 /* WeasyVendorUITests.swift in Sources */ = {isa = PBXBuildFile; fileRef = 655D150B23DE9949003BD4F9 /* WeasyVendorUITests.swift */; };
/* End PBXBuildFile section */

/* Begin PBXContainerItemProxy section */
		655D14FD23DE9948003BD4F9 /* PBXContainerItemProxy */ = {
			isa = PBXContainerItemProxy;
			containerPortal = 655D14DB23DE9947003BD4F9 /* Project object */;
			proxyType = 1;
			remoteGlobalIDString = 655D14E223DE9947003BD4F9;
			remoteInfo = WeasyVendor;
		};
		655D150823DE9949003BD4F9 /* PBXContainerItemProxy */ = {
			isa = PBXContainerItemProxy;
			containerPortal = 655D14DB23DE9947003BD4F9 /* Project object */;
			proxyType = 1;
			remoteGlobalIDString = 655D14E223DE9947003BD4F9;
			remoteInfo = WeasyVendor;
		};
/* End PBXContainerItemProxy section */

/* Begin PBXFileReference section */
		655D14E323DE9947003BD4F9 /* WeasyVendor.app */ = {isa = PBXFileReference; explicitFileType = wrapper.application; includeInIndex = 0; path = WeasyVendor.app; sourceTree = BUILT_PRODUCTS_DIR; };
		655D14E623DE9947003BD4F9 /* AppDelegate.swift */ = {isa = PBXFileReference; lastKnownFileType = sourcecode.swift; path = AppDelegate.swift; sourceTree = "<group>"; };
		655D14E823DE9947003BD4F9 /* SceneDelegate.swift */ = {isa = PBXFileReference; lastKnownFileType = sourcecode.swift; path = SceneDelegate.swift; sourceTree = "<group>"; };
		655D14EA23DE9947003BD4F9 /* ViewController.swift */ = {isa = PBXFileReference; lastKnownFileType = sourcecode.swift; path = ViewController.swift; sourceTree = "<group>"; };
		655D14ED23DE9947003BD4F9 /* Base */ = {isa = PBXFileReference; lastKnownFileType = file.storyboard; name = Base; path = Base.lproj/Main.storyboard; sourceTree = "<group>"; };
		655D14F023DE9947003BD4F9 /* WeasyVendor.xcdatamodel */ = {isa = PBXFileReference; lastKnownFileType = wrapper.xcdatamodel; path = WeasyVendor.xcdatamodel; sourceTree = "<group>"; };
		655D14F223DE9948003BD4F9 /* Assets.xcassets */ = {isa = PBXFileReference; lastKnownFileType = folder.assetcatalog; path = Assets.xcassets; sourceTree = "<group>"; };
		655D14F523DE9948003BD4F9 /* Base */ = {isa = PBXFileReference; lastKnownFileType = file.storyboard; name = Base; path = Base.lproj/LaunchScreen.storyboard; sourceTree = "<group>"; };
		655D14F723DE9948003BD4F9 /* Info.plist */ = {isa = PBXFileReference; lastKnownFileType = text.plist.xml; path = Info.plist; sourceTree = "<group>"; };
		655D14FC23DE9948003BD4F9 /* WeasyVendorTests.xctest */ = {isa = PBXFileReference; explicitFileType = wrapper.cfbundle; includeInIndex = 0; path = WeasyVendorTests.xctest; sourceTree = BUILT_PRODUCTS_DIR; };
		655D150023DE9948003BD4F9 /* WeasyVendorTests.swift */ = {isa = PBXFileReference; lastKnownFileType = sourcecode.swift; path = WeasyVendorTests.swift; sourceTree = "<group>"; };
		655D150223DE9949003BD4F9 /* Info.plist */ = {isa = PBXFileReference; lastKnownFileType = text.plist.xml; path = Info.plist; sourceTree = "<group>"; };
		655D150723DE9949003BD4F9 /* WeasyVendorUITests.xctest */ = {isa = PBXFileReference; explicitFileType = wrapper.cfbundle; includeInIndex = 0; path = WeasyVendorUITests.xctest; sourceTree = BUILT_PRODUCTS_DIR; };
		655D150B23DE9949003BD4F9 /* WeasyVendorUITests.swift */ = {isa = PBXFileReference; lastKnownFileType = sourcecode.swift; path = WeasyVendorUITests.swift; sourceTree = "<group>"; };
		655D150D23DE9949003BD4F9 /* Info.plist */ = {isa = PBXFileReference; lastKnownFileType = text.plist.xml; path = Info.plist; sourceTree = "<group>"; };
/* End PBXFileReference section */

/* Begin PBXFrameworksBuildPhase section */
		655D14E023DE9947003BD4F9 /* Frameworks */ = {
			isa = PBXFrameworksBuildPhase;
			buildActionMask = 2147483647;
			files = (
			);
			runOnlyForDeploymentPostprocessing = 0;
		};
		655D14F923DE9948003BD4F9 /* Frameworks */ = {
			isa = PBXFrameworksBuildPhase;
			buildActionMask = 2147483647;
			files = (
			);
			runOnlyForDeploymentPostprocessing = 0;
		};
		655D150423DE9949003BD4F9 /* Frameworks */ = {
			isa = PBXFrameworksBuildPhase;
			buildActionMask = 2147483647;
			files = (
			);
			runOnlyForDeploymentPostprocessing = 0;
		};
/* End PBXFrameworksBuildPhase section */

/* Begin PBXGroup section */
		655D14DA23DE9947003BD4F9 = {
			isa = PBXGroup;
			children = (
				655D14E523DE9947003BD4F9 /* WeasyVendor */,
				655D14FF23DE9948003BD4F9 /* WeasyVendorTests */,
				655D150A23DE9949003BD4F9 /* WeasyVendorUITests */,
				655D14E423DE9947003BD4F9 /* Products */,
			);
			sourceTree = "<group>";
		};
		655D14E423DE9947003BD4F9 /* Products */ = {
			isa = PBXGroup;
			children = (
				655D14E323DE9947003BD4F9 /* WeasyVendor.app */,
				655D14FC23DE9948003BD4F9 /* WeasyVendorTests.xctest */,
				655D150723DE9949003BD4F9 /* WeasyVendorUITests.xctest */,
			);
			name = Products;
			sourceTree = "<group>";
		};
		655D14E523DE9947003BD4F9 /* WeasyVendor */ = {
			isa = PBXGroup;
			children = (
				655D14E623DE9947003BD4F9 /* AppDelegate.swift */,
				655D14E823DE9947003BD4F9 /* SceneDelegate.swift */,
				655D14EA23DE9947003BD4F9 /* ViewController.swift */,
				655D14EC23DE9947003BD4F9 /* Main.storyboard */,
				655D14F223DE9948003BD4F9 /* Assets.xcassets */,
				655D14F423DE9948003BD4F9 /* LaunchScreen.storyboard */,
				655D14F723DE9948003BD4F9 /* Info.plist */,
				655D14EF23DE9947003BD4F9 /* WeasyVendor.xcdatamodeld */,
			);
			path = WeasyVendor;
			sourceTree = "<group>";
		};
		655D14FF23DE9948003BD4F9 /* WeasyVendorTests */ = {
			isa = PBXGroup;
			children = (
				655D150023DE9948003BD4F9 /* WeasyVendorTests.swift */,
				655D150223DE9949003BD4F9 /* Info.plist */,
			);
			path = WeasyVendorTests;
			sourceTree = "<group>";
		};
		655D150A23DE9949003BD4F9 /* WeasyVendorUITests */ = {
			isa = PBXGroup;
			children = (
				655D150B23DE9949003BD4F9 /* WeasyVendorUITests.swift */,
				655D150D23DE9949003BD4F9 /* Info.plist */,
			);
			path = WeasyVendorUITests;
			sourceTree = "<group>";
		};
/* End PBXGroup section */

/* Begin PBXNativeTarget section */
		655D14E223DE9947003BD4F9 /* WeasyVendor */ = {
			isa = PBXNativeTarget;
			buildConfigurationList = 655D151023DE9949003BD4F9 /* Build configuration list for PBXNativeTarget "WeasyVendor" */;
			buildPhases = (
				655D14DF23DE9947003BD4F9 /* Sources */,
				655D14E023DE9947003BD4F9 /* Frameworks */,
				655D14E123DE9947003BD4F9 /* Resources */,
			);
			buildRules = (
			);
			dependencies = (
			);
			name = WeasyVendor;
			productName = WeasyVendor;
			productReference = 655D14E323DE9947003BD4F9 /* WeasyVendor.app */;
			productType = "com.apple.product-type.application";
		};
		655D14FB23DE9948003BD4F9 /* WeasyVendorTests */ = {
			isa = PBXNativeTarget;
			buildConfigurationList = 655D151323DE9949003BD4F9 /* Build configuration list for PBXNativeTarget "WeasyVendorTests" */;
			buildPhases = (
				655D14F823DE9948003BD4F9 /* Sources */,
				655D14F923DE9948003BD4F9 /* Frameworks */,
				655D14FA23DE9948003BD4F9 /* Resources */,
			);
			buildRules = (
			);
			dependencies = (
				655D14FE23DE9948003BD4F9 /* PBXTargetDependency */,
			);
			name = WeasyVendorTests;
			productName = WeasyVendorTests;
			productReference = 655D14FC23DE9948003BD4F9 /* WeasyVendorTests.xctest */;
			productType = "com.apple.product-type.bundle.unit-test";
		};
		655D150623DE9949003BD4F9 /* WeasyVendorUITests */ = {
			isa = PBXNativeTarget;
			buildConfigurationList = 655D151623DE9949003BD4F9 /* Build configuration list for PBXNativeTarget "WeasyVendorUITests" */;
			buildPhases = (
				655D150323DE9949003BD4F9 /* Sources */,
				655D150423DE9949003BD4F9 /* Frameworks */,
				655D150523DE9949003BD4F9 /* Resources */,
			);
			buildRules = (
			);
			dependencies = (
				655D150923DE9949003BD4F9 /* PBXTargetDependency */,
			);
			name = WeasyVendorUITests;
			productName = WeasyVendorUITests;
			productReference = 655D150723DE9949003BD4F9 /* WeasyVendorUITests.xctest */;
			productType = "com.apple.product-type.bundle.ui-testing";
		};
/* End PBXNativeTarget section */

/* Begin PBXProject section */
		655D14DB23DE9947003BD4F9 /* Project object */ = {
			isa = PBXProject;
			attributes = {
				LastSwiftUpdateCheck = 1120;
				LastUpgradeCheck = 1120;
				ORGANIZATIONNAME = "Amal Elgalant";
				TargetAttributes = {
					655D14E223DE9947003BD4F9 = {
						CreatedOnToolsVersion = 11.2.1;
					};
					655D14FB23DE9948003BD4F9 = {
						CreatedOnToolsVersion = 11.2.1;
						TestTargetID = 655D14E223DE9947003BD4F9;
					};
					655D150623DE9949003BD4F9 = {
						CreatedOnToolsVersion = 11.2.1;
						TestTargetID = 655D14E223DE9947003BD4F9;
					};
				};
			};
			buildConfigurationList = 655D14DE23DE9947003BD4F9 /* Build configuration list for PBXProject "WeasyVendor" */;
			compatibilityVersion = "Xcode 9.3";
			developmentRegion = en;
			hasScannedForEncodings = 0;
			knownRegions = (
				en,
				Base,
			);
			mainGroup = 655D14DA23DE9947003BD4F9;
			productRefGroup = 655D14E423DE9947003BD4F9 /* Products */;
			projectDirPath = "";
			projectRoot = "";
			targets = (
				655D14E223DE9947003BD4F9 /* WeasyVendor */,
				655D14FB23DE9948003BD4F9 /* WeasyVendorTests */,
				655D150623DE9949003BD4F9 /* WeasyVendorUITests */,
			);
		};
/* End PBXProject section */

/* Begin PBXResourcesBuildPhase section */
		655D14E123DE9947003BD4F9 /* Resources */ = {
			isa = PBXResourcesBuildPhase;
			buildActionMask = 2147483647;
			files = (
				655D14F623DE9948003BD4F9 /* LaunchScreen.storyboard in Resources */,
				655D14F323DE9948003BD4F9 /* Assets.xcassets in Resources */,
				655D14EE23DE9947003BD4F9 /* Main.storyboard in Resources */,
			);
			runOnlyForDeploymentPostprocessing = 0;
		};
		655D14FA23DE9948003BD4F9 /* Resources */ = {
			isa = PBXResourcesBuildPhase;
			buildActionMask = 2147483647;
			files = (
			);
			runOnlyForDeploymentPostprocessing = 0;
		};
		655D150523DE9949003BD4F9 /* Resources */ = {
			isa = PBXResourcesBuildPhase;
			buildActionMask = 2147483647;
			files = (
			);
			runOnlyForDeploymentPostprocessing = 0;
		};
/* End PBXResourcesBuildPhase section */

/* Begin PBXSourcesBuildPhase section */
		655D14DF23DE9947003BD4F9 /* Sources */ = {
			isa = PBXSourcesBuildPhase;
			buildActionMask = 2147483647;
			files = (
				655D14EB23DE9947003BD4F9 /* ViewController.swift in Sources */,
				655D14E723DE9947003BD4F9 /* AppDelegate.swift in Sources */,
				655D14E923DE9947003BD4F9 /* SceneDelegate.swift in Sources */,
				655D14F123DE9947003BD4F9 /* WeasyVendor.xcdatamodeld in Sources */,
			);
			runOnlyForDeploymentPostprocessing = 0;
		};
		655D14F823DE9948003BD4F9 /* Sources */ = {
			isa = PBXSourcesBuildPhase;
			buildActionMask = 2147483647;
			files = (
				655D150123DE9948003BD4F9 /* WeasyVendorTests.swift in Sources */,
			);
			runOnlyForDeploymentPostprocessing = 0;
		};
		655D150323DE9949003BD4F9 /* Sources */ = {
			isa = PBXSourcesBuildPhase;
			buildActionMask = 2147483647;
			files = (
				655D150C23DE9949003BD4F9 /* WeasyVendorUITests.swift in Sources */,
			);
			runOnlyForDeploymentPostprocessing = 0;
		};
/* End PBXSourcesBuildPhase section */

/* Begin PBXTargetDependency section */
		655D14FE23DE9948003BD4F9 /* PBXTargetDependency */ = {
			isa = PBXTargetDependency;
			target = 655D14E223DE9947003BD4F9 /* WeasyVendor */;
			targetProxy = 655D14FD23DE9948003BD4F9 /* PBXContainerItemProxy */;
		};
		655D150923DE9949003BD4F9 /* PBXTargetDependency */ = {
			isa = PBXTargetDependency;
			target = 655D14E223DE9947003BD4F9 /* WeasyVendor */;
			targetProxy = 655D150823DE9949003BD4F9 /* PBXContainerItemProxy */;
		};
/* End PBXTargetDependency section */

/* Begin PBXVariantGroup section */
		655D14EC23DE9947003BD4F9 /* Main.storyboard */ = {
			isa = PBXVariantGroup;
			children = (
				655D14ED23DE9947003BD4F9 /* Base */,
			);
			name = Main.storyboard;
			sourceTree = "<group>";
		};
		655D14F423DE9948003BD4F9 /* LaunchScreen.storyboard */ = {
			isa = PBXVariantGroup;
			children = (
				655D14F523DE9948003BD4F9 /* Base */,
			);
			name = LaunchScreen.storyboard;
			sourceTree = "<group>";
		};
/* End PBXVariantGroup section */

/* Begin XCBuildConfiguration section */
		655D150E23DE9949003BD4F9 /* Debug */ = {
			isa = XCBuildConfiguration;
			buildSettings = {
				ALWAYS_SEARCH_USER_PATHS = NO;
				CLANG_ANALYZER_NONNULL = YES;
				CLANG_ANALYZER_NUMBER_OBJECT_CONVERSION = YES_AGGRESSIVE;
				CLANG_CXX_LANGUAGE_STANDARD = "gnu++14";
				CLANG_CXX_LIBRARY = "libc++";
				CLANG_ENABLE_MODULES = YES;
				CLANG_ENABLE_OBJC_ARC = YES;
				CLANG_ENABLE_OBJC_WEAK = YES;
				CLANG_WARN_BLOCK_CAPTURE_AUTORELEASING = YES;
				CLANG_WARN_BOOL_CONVERSION = YES;
				CLANG_WARN_COMMA = YES;
				CLANG_WARN_CONSTANT_CONVERSION = YES;
				CLANG_WARN_DEPRECATED_OBJC_IMPLEMENTATIONS = YES;
				CLANG_WARN_DIRECT_OBJC_ISA_USAGE = YES_ERROR;
				CLANG_WARN_DOCUMENTATION_COMMENTS = YES;
				CLANG_WARN_EMPTY_BODY = YES;
				CLANG_WARN_ENUM_CONVERSION = YES;
				CLANG_WARN_INFINITE_RECURSION = YES;
				CLANG_WARN_INT_CONVERSION = YES;
				CLANG_WARN_NON_LITERAL_NULL_CONVERSION = YES;
				CLANG_WARN_OBJC_IMPLICIT_RETAIN_SELF = YES;
				CLANG_WARN_OBJC_LITERAL_CONVERSION = YES;
				CLANG_WARN_OBJC_ROOT_CLASS = YES_ERROR;
				CLANG_WARN_RANGE_LOOP_ANALYSIS = YES;
				CLANG_WARN_STRICT_PROTOTYPES = YES;
				CLANG_WARN_SUSPICIOUS_MOVE = YES;
				CLANG_WARN_UNGUARDED_AVAILABILITY = YES_AGGRESSIVE;
				CLANG_WARN_UNREACHABLE_CODE = YES;
				CLANG_WARN__DUPLICATE_METHOD_MATCH = YES;
				COPY_PHASE_STRIP = NO;
				DEBUG_INFORMATION_FORMAT = dwarf;
				ENABLE_STRICT_OBJC_MSGSEND = YES;
				ENABLE_TESTABILITY = YES;
				GCC_C_LANGUAGE_STANDARD = gnu11;
				GCC_DYNAMIC_NO_PIC = NO;
				GCC_NO_COMMON_BLOCKS = YES;
				GCC_OPTIMIZATION_LEVEL = 0;
				GCC_PREPROCESSOR_DEFINITIONS = (
					"DEBUG=1",
					"$(inherited)",
				);
				GCC_WARN_64_TO_32_BIT_CONVERSION = YES;
				GCC_WARN_ABOUT_RETURN_TYPE = YES_ERROR;
				GCC_WARN_UNDECLARED_SELECTOR = YES;
				GCC_WARN_UNINITIALIZED_AUTOS = YES_AGGRESSIVE;
				GCC_WARN_UNUSED_FUNCTION = YES;
				GCC_WARN_UNUSED_VARIABLE = YES;
				IPHONEOS_DEPLOYMENT_TARGET = 13.2;
				MTL_ENABLE_DEBUG_INFO = INCLUDE_SOURCE;
				MTL_FAST_MATH = YES;
				ONLY_ACTIVE_ARCH = YES;
				SDKROOT = iphoneos;
				SWIFT_ACTIVE_COMPILATION_CONDITIONS = DEBUG;
				SWIFT_OPTIMIZATION_LEVEL = "-Onone";
			};
			name = Debug;
		};
		655D150F23DE9949003BD4F9 /* Release */ = {
			isa = XCBuildConfiguration;
			buildSettings = {
				ALWAYS_SEARCH_USER_PATHS = NO;
				CLANG_ANALYZER_NONNULL = YES;
				CLANG_ANALYZER_NUMBER_OBJECT_CONVERSION = YES_AGGRESSIVE;
				CLANG_CXX_LANGUAGE_STANDARD = "gnu++14";
				CLANG_CXX_LIBRARY = "libc++";
				CLANG_ENABLE_MODULES = YES;
				CLANG_ENABLE_OBJC_ARC = YES;
				CLANG_ENABLE_OBJC_WEAK = YES;
				CLANG_WARN_BLOCK_CAPTURE_AUTORELEASING = YES;
				CLANG_WARN_BOOL_CONVERSION = YES;
				CLANG_WARN_COMMA = YES;
				CLANG_WARN_CONSTANT_CONVERSION = YES;
				CLANG_WARN_DEPRECATED_OBJC_IMPLEMENTATIONS = YES;
				CLANG_WARN_DIRECT_OBJC_ISA_USAGE = YES_ERROR;
				CLANG_WARN_DOCUMENTATION_COMMENTS = YES;
				CLANG_WARN_EMPTY_BODY = YES;
				CLANG_WARN_ENUM_CONVERSION = YES;
				CLANG_WARN_INFINITE_RECURSION = YES;
				CLANG_WARN_INT_CONVERSION = YES;
				CLANG_WARN_NON_LITERAL_NULL_CONVERSION = YES;
				CLANG_WARN_OBJC_IMPLICIT_RETAIN_SELF = YES;
				CLANG_WARN_OBJC_LITERAL_CONVERSION = YES;
				CLANG_WARN_OBJC_ROOT_CLASS = YES_ERROR;
				CLANG_WARN_RANGE_LOOP_ANALYSIS = YES;
				CLANG_WARN_STRICT_PROTOTYPES = YES;
				CLANG_WARN_SUSPICIOUS_MOVE = YES;
				CLANG_WARN_UNGUARDED_AVAILABILITY = YES_AGGRESSIVE;
				CLANG_WARN_UNREACHABLE_CODE = YES;
				CLANG_WARN__DUPLICATE_METHOD_MATCH = YES;
				COPY_PHASE_STRIP = NO;
				DEBUG_INFORMATION_FORMAT = "dwarf-with-dsym";
				ENABLE_NS_ASSERTIONS = NO;
				ENABLE_STRICT_OBJC_MSGSEND = YES;
				GCC_C_LANGUAGE_STANDARD = gnu11;
				GCC_NO_COMMON_BLOCKS = YES;
				GCC_WARN_64_TO_32_BIT_CONVERSION = YES;
				GCC_WARN_ABOUT_RETURN_TYPE = YES_ERROR;
				GCC_WARN_UNDECLARED_SELECTOR = YES;
				GCC_WARN_UNINITIALIZED_AUTOS = YES_AGGRESSIVE;
				GCC_WARN_UNUSED_FUNCTION = YES;
				GCC_WARN_UNUSED_VARIABLE = YES;
				IPHONEOS_DEPLOYMENT_TARGET = 13.2;
				MTL_ENABLE_DEBUG_INFO = NO;
				MTL_FAST_MATH = YES;
				SDKROOT = iphoneos;
				SWIFT_COMPILATION_MODE = wholemodule;
				SWIFT_OPTIMIZATION_LEVEL = "-O";
				VALIDATE_PRODUCT = YES;
			};
			name = Release;
		};
		655D151123DE9949003BD4F9 /* Debug */ = {
			isa = XCBuildConfiguration;
			buildSettings = {
				ASSETCATALOG_COMPILER_APPICON_NAME = AppIcon;
				CODE_SIGN_STYLE = Automatic;
				DEVELOPMENT_TEAM = 72SW67LA3M;
				INFOPLIST_FILE = WeasyVendor/Info.plist;
				LD_RUNPATH_SEARCH_PATHS = (
					"$(inherited)",
					"@executable_path/Frameworks",
				);
				PRODUCT_BUNDLE_IDENTIFIER = com.qurtassgroup.WeasyVendor;
				PRODUCT_NAME = "$(TARGET_NAME)";
				SWIFT_VERSION = 5.0;
				TARGETED_DEVICE_FAMILY = "1,2";
			};
			name = Debug;
		};
		655D151223DE9949003BD4F9 /* Release */ = {
			isa = XCBuildConfiguration;
			buildSettings = {
				ASSETCATALOG_COMPILER_APPICON_NAME = AppIcon;
				CODE_SIGN_STYLE = Automatic;
				DEVELOPMENT_TEAM = 72SW67LA3M;
				INFOPLIST_FILE = WeasyVendor/Info.plist;
				LD_RUNPATH_SEARCH_PATHS = (
					"$(inherited)",
					"@executable_path/Frameworks",
				);
				PRODUCT_BUNDLE_IDENTIFIER = com.qurtassgroup.WeasyVendor;
				PRODUCT_NAME = "$(TARGET_NAME)";
				SWIFT_VERSION = 5.0;
				TARGETED_DEVICE_FAMILY = "1,2";
			};
			name = Release;
		};
		655D151423DE9949003BD4F9 /* Debug */ = {
			isa = XCBuildConfiguration;
			buildSettings = {
				ALWAYS_EMBED_SWIFT_STANDARD_LIBRARIES = YES;
				BUNDLE_LOADER = "$(TEST_HOST)";
				CODE_SIGN_STYLE = Automatic;
				DEVELOPMENT_TEAM = 72SW67LA3M;
				INFOPLIST_FILE = WeasyVendorTests/Info.plist;
				IPHONEOS_DEPLOYMENT_TARGET = 13.2;
				LD_RUNPATH_SEARCH_PATHS = (
					"$(inherited)",
					"@executable_path/Frameworks",
					"@loader_path/Frameworks",
				);
				PRODUCT_BUNDLE_IDENTIFIER = com.qurtassgroup.WeasyVendorTests;
				PRODUCT_NAME = "$(TARGET_NAME)";
				SWIFT_VERSION = 5.0;
				TARGETED_DEVICE_FAMILY = "1,2";
				TEST_HOST = "$(BUILT_PRODUCTS_DIR)/WeasyVendor.app/WeasyVendor";
			};
			name = Debug;
		};
		655D151523DE9949003BD4F9 /* Release */ = {
			isa = XCBuildConfiguration;
			buildSettings = {
				ALWAYS_EMBED_SWIFT_STANDARD_LIBRARIES = YES;
				BUNDLE_LOADER = "$(TEST_HOST)";
				CODE_SIGN_STYLE = Automatic;
				DEVELOPMENT_TEAM = 72SW67LA3M;
				INFOPLIST_FILE = WeasyVendorTests/Info.plist;
				IPHONEOS_DEPLOYMENT_TARGET = 13.2;
				LD_RUNPATH_SEARCH_PATHS = (
					"$(inherited)",
					"@executable_path/Frameworks",
					"@loader_path/Frameworks",
				);
				PRODUCT_BUNDLE_IDENTIFIER = com.qurtassgroup.WeasyVendorTests;
				PRODUCT_NAME = "$(TARGET_NAME)";
				SWIFT_VERSION = 5.0;
				TARGETED_DEVICE_FAMILY = "1,2";
				TEST_HOST = "$(BUILT_PRODUCTS_DIR)/WeasyVendor.app/WeasyVendor";
			};
			name = Release;
		};
		655D151723DE9949003BD4F9 /* Debug */ = {
			isa = XCBuildConfiguration;
			buildSettings = {
				ALWAYS_EMBED_SWIFT_STANDARD_LIBRARIES = YES;
				CODE_SIGN_STYLE = Automatic;
				DEVELOPMENT_TEAM = 72SW67LA3M;
				INFOPLIST_FILE = WeasyVendorUITests/Info.plist;
				LD_RUNPATH_SEARCH_PATHS = (
					"$(inherited)",
					"@executable_path/Frameworks",
					"@loader_path/Frameworks",
				);
				PRODUCT_BUNDLE_IDENTIFIER = com.qurtassgroup.WeasyVendorUITests;
				PRODUCT_NAME = "$(TARGET_NAME)";
				SWIFT_VERSION = 5.0;
				TARGETED_DEVICE_FAMILY = "1,2";
				TEST_TARGET_NAME = WeasyVendor;
			};
			name = Debug;
		};
		655D151823DE9949003BD4F9 /* Release */ = {
			isa = XCBuildConfiguration;
			buildSettings = {
				ALWAYS_EMBED_SWIFT_STANDARD_LIBRARIES = YES;
				CODE_SIGN_STYLE = Automatic;
				DEVELOPMENT_TEAM = 72SW67LA3M;
				INFOPLIST_FILE = WeasyVendorUITests/Info.plist;
				LD_RUNPATH_SEARCH_PATHS = (
					"$(inherited)",
					"@executable_path/Frameworks",
					"@loader_path/Frameworks",
				);
				PRODUCT_BUNDLE_IDENTIFIER = com.qurtassgroup.WeasyVendorUITests;
				PRODUCT_NAME = "$(TARGET_NAME)";
				SWIFT_VERSION = 5.0;
				TARGETED_DEVICE_FAMILY = "1,2";
				TEST_TARGET_NAME = WeasyVendor;
			};
			name = Release;
		};
/* End XCBuildConfiguration section */

/* Begin XCConfigurationList section */
		655D14DE23DE9947003BD4F9 /* Build configuration list for PBXProject "WeasyVendor" */ = {
			isa = XCConfigurationList;
			buildConfigurations = (
				655D150E23DE9949003BD4F9 /* Debug */,
				655D150F23DE9949003BD4F9 /* Release */,
			);
			defaultConfigurationIsVisible = 0;
			defaultConfigurationName = Release;
		};
		655D151023DE9949003BD4F9 /* Build configuration list for PBXNativeTarget "WeasyVendor" */ = {
			isa = XCConfigurationList;
			buildConfigurations = (
				655D151123DE9949003BD4F9 /* Debug */,
				655D151223DE9949003BD4F9 /* Release */,
			);
			defaultConfigurationIsVisible = 0;
			defaultConfigurationName = Release;
		};
		655D151323DE9949003BD4F9 /* Build configuration list for PBXNativeTarget "WeasyVendorTests" */ = {
			isa = XCConfigurationList;
			buildConfigurations = (
				655D151423DE9949003BD4F9 /* Debug */,
				655D151523DE9949003BD4F9 /* Release */,
			);
			defaultConfigurationIsVisible = 0;
			defaultConfigurationName = Release;
		};
		655D151623DE9949003BD4F9 /* Build configuration list for PBXNativeTarget "WeasyVendorUITests" */ = {
			isa = XCConfigurationList;
			buildConfigurations = (
				655D151723DE9949003BD4F9 /* Debug */,
				655D151823DE9949003BD4F9 /* Release */,
			);
			defaultConfigurationIsVisible = 0;
			defaultConfigurationName = Release;
		};
/* End XCConfigurationList section */

/* Begin XCVersionGroup section */
		655D14EF23DE9947003BD4F9 /* WeasyVendor.xcdatamodeld */ = {
			isa = XCVersionGroup;
			children = (
				655D14F023DE9947003BD4F9 /* WeasyVendor.xcdatamodel */,
			);
			currentVersion = 655D14F023DE9947003BD4F9 /* WeasyVendor.xcdatamodel */;
			path = WeasyVendor.xcdatamodeld;
			sourceTree = "<group>";
			versionGroupType = wrapper.xcdatamodel;
		};
/* End XCVersionGroup section */
	};
	rootObject = 655D14DB23DE9947003BD4F9 /* Project object */;
}
